
Microsoft Visual Studio Solution File, Format Version 12.00
# Visual Studio 15
VisualStudioVersion = 15.0.28307.757
MinimumVisualStudioVersion = 10.0.40219.1
Project("{8BC9CEB8-8B4A-11D0-8D11-00A0C91BC942}") = "Ch3_Lab2-1", "Ch3_Lab2-1\Ch3_Lab2-1.vcxproj", "{961384E4-3480-47EF-9F39-F308EC8D8EFE}"
EndProject
Global
	GlobalSection(SolutionConfigurationPlatforms) = preSolution
		Debug|x64 = Debug|x64
		Debug|x86 = Debug|x86
		Release|x64 = Release|x64
		Release|x86 = Release|x86
	EndGlobalSection
	GlobalSection(ProjectConfigurationPlatforms) = postSolution
		{961384E4-3480-47EF-9F39-F308EC8D8EFE}.Debug|x64.ActiveCfg = Debug|x64
		{961384E4-3480-47EF-9F39-F308EC8D8EFE}.Debug|x64.Build.0 = Debug|x64
		{961384E4-3480-47EF-9F39-F308EC8D8EFE}.Debug|x86.ActiveCfg = Debug|Win32
		{961384E4-3480-47EF-9F39-F308EC8D8EFE}.Debug|x86.Build.0 = Debug|Win32
		{961384E4-3480-47EF-9F39-F308EC8D8EFE}.Release|x64.ActiveCfg = Release|x64
		{961384E4-3480-47EF-9F39-F308EC8D8EFE}.Release|x64.Build.0 = Release|x64
		{961384E4-3480-47EF-9F39-F308EC8D8EFE}.Release|x86.ActiveCfg = Release|Win32
		{961384E4-3480-47EF-9F39-F308EC8D8EFE}.Release|x86.Build.0 = Release|Win32
	EndGlobalSection
	GlobalSection(SolutionProperties) = preSolution
		HideSolutionNode = FALSE
	EndGlobalSection
	GlobalSection(ExtensibilityGlobals) = postSolution
		SolutionGuid = {AAC7F144-E424-48F2-99AF-E688727AC41E}
	EndGlobalSection
EndGlobal
